
Microsoft Visual Studio Solution File, Format Version 12.00
# Visual Studio Version 16
VisualStudioVersion = 16.0.30804.86
MinimumVisualStudioVersion = 10.0.40219.1
Project("{9A19103F-16F7-4668-BE54-9A1E7A4F7556}") = "KampIntro", "KampIntro\KampIntro.csproj", "{0A51CC5F-829E-4484-A466-670C851CBA38}"
EndProject
Project("{9A19103F-16F7-4668-BE54-9A1E7A4F7556}") = "Loops", "Loops\Loops.csproj", "{DA8DB330-B22D-4188-85C9-358A14481FE5}"
EndProject
Project("{9A19103F-16F7-4668-BE54-9A1E7A4F7556}") = "ClassIntro", "ClassIntro\ClassIntro.csproj", "{ACD0F8E6-529A-4F56-9C9B-F7DCF1C936EA}"
EndProject
Project("{9A19103F-16F7-4668-BE54-9A1E7A4F7556}") = "Methods", "Methods\Methods.csproj", "{13FD0F52-2DF2-4286-9D9E-EE8F7A2BF861}"
EndProject
Project("{9A19103F-16F7-4668-BE54-9A1E7A4F7556}") = "Mathematic", "Mathematic\Mathematic.csproj", "{C9E19590-8E77-43C6-9466-CBA8292821A2}"
EndProject
Project("{9A19103F-16F7-4668-BE54-9A1E7A4F7556}") = "ValueAndReferenceTypes", "DegerVeReferansTipler\ValueAndReferenceTypes.csproj", "{6CC6BD89-2604-40FD-807D-300AD786A0F9}"
EndProject
Project("{9A19103F-16F7-4668-BE54-9A1E7A4F7556}") = "OOP1", "OOP1\OOP1.csproj", "{C2C9AD29-E4D9-4910-B8B5-B5846503060E}"
EndProject
Project("{9A19103F-16F7-4668-BE54-9A1E7A4F7556}") = "Collections", "Collections\Collections.csproj", "{E401D731-CD9F-4C56-BF62-AB477C4AFEB5}"
EndProject
Project("{9A19103F-16F7-4668-BE54-9A1E7A4F7556}") = "GenericsIntro", "GenericsIntro\GenericsIntro.csproj", "{50B13326-D487-4BCE-8451-17ABB460B576}"
EndProject
Project("{FAE04EC0-301F-11D3-BF4B-00C04F79EFBC}") = "OOP2", "OOP2\OOP2.csproj", "{D5AD0E22-6680-48F7-86C1-87B3AF8A56FD}"
EndProject
Project("{FAE04EC0-301F-11D3-BF4B-00C04F79EFBC}") = "OOP3", "OOP3\OOP3.csproj", "{EABF49E5-9E61-40DB-8C72-E5B6A38E1F5A}"
EndProject
Global
	GlobalSection(SolutionConfigurationPlatforms) = preSolution
		Debug|Any CPU = Debug|Any CPU
		Release|Any CPU = Release|Any CPU
	EndGlobalSection
	GlobalSection(ProjectConfigurationPlatforms) = postSolution
		{0A51CC5F-829E-4484-A466-670C851CBA38}.Debug|Any CPU.ActiveCfg = Debug|Any CPU
		{0A51CC5F-829E-4484-A466-670C851CBA38}.Debug|Any CPU.Build.0 = Debug|Any CPU
		{0A51CC5F-829E-4484-A466-670C851CBA38}.Release|Any CPU.ActiveCfg = Release|Any CPU
		{0A51CC5F-829E-4484-A466-670C851CBA38}.Release|Any CPU.Build.0 = Release|Any CPU
		{DA8DB330-B22D-4188-85C9-358A14481FE5}.Debug|Any CPU.ActiveCfg = Debug|Any CPU
		{DA8DB330-B22D-4188-85C9-358A14481FE5}.Debug|Any CPU.Build.0 = Debug|Any CPU
		{DA8DB330-B22D-4188-85C9-358A14481FE5}.Release|Any CPU.ActiveCfg = Release|Any CPU
		{DA8DB330-B22D-4188-85C9-358A14481FE5}.Release|Any CPU.Build.0 = Release|Any CPU
		{ACD0F8E6-529A-4F56-9C9B-F7DCF1C936EA}.Debug|Any CPU.ActiveCfg = Debug|Any CPU
		{ACD0F8E6-529A-4F56-9C9B-F7DCF1C936EA}.Debug|Any CPU.Build.0 = Debug|Any CPU
		{ACD0F8E6-529A-4F56-9C9B-F7DCF1C936EA}.Release|Any CPU.ActiveCfg = Release|Any CPU
		{ACD0F8E6-529A-4F56-9C9B-F7DCF1C936EA}.Release|Any CPU.Build.0 = Release|Any CPU
		{13FD0F52-2DF2-4286-9D9E-EE8F7A2BF861}.Debug|Any CPU.ActiveCfg = Debug|Any CPU
		{13FD0F52-2DF2-4286-9D9E-EE8F7A2BF861}.Debug|Any CPU.Build.0 = Debug|Any CPU
		{13FD0F52-2DF2-4286-9D9E-EE8F7A2BF861}.Release|Any CPU.ActiveCfg = Release|Any CPU
		{13FD0F52-2DF2-4286-9D9E-EE8F7A2BF861}.Release|Any CPU.Build.0 = Release|Any CPU
		{C9E19590-8E77-43C6-9466-CBA8292821A2}.Debug|Any CPU.ActiveCfg = Debug|Any CPU
		{C9E19590-8E77-43C6-9466-CBA8292821A2}.Debug|Any CPU.Build.0 = Debug|Any CPU
		{C9E19590-8E77-43C6-9466-CBA8292821A2}.Release|Any CPU.ActiveCfg = Release|Any CPU
		{C9E19590-8E77-43C6-9466-CBA8292821A2}.Release|Any CPU.Build.0 = Release|Any CPU
		{6CC6BD89-2604-40FD-807D-300AD786A0F9}.Debug|Any CPU.ActiveCfg = Debug|Any CPU
		{6CC6BD89-2604-40FD-807D-300AD786A0F9}.Debug|Any CPU.Build.0 = Debug|Any CPU
		{6CC6BD89-2604-40FD-807D-300AD786A0F9}.Release|Any CPU.ActiveCfg = Release|Any CPU
		{6CC6BD89-2604-40FD-807D-300AD786A0F9}.Release|Any CPU.Build.0 = Release|Any CPU
		{C2C9AD29-E4D9-4910-B8B5-B5846503060E}.Debug|Any CPU.ActiveCfg = Debug|Any CPU
		{C2C9AD29-E4D9-4910-B8B5-B5846503060E}.Debug|Any CPU.Build.0 = Debug|Any CPU
		{C2C9AD29-E4D9-4910-B8B5-B5846503060E}.Release|Any CPU.ActiveCfg = Release|Any CPU
		{C2C9AD29-E4D9-4910-B8B5-B5846503060E}.Release|Any CPU.Build.0 = Release|Any CPU
		{E401D731-CD9F-4C56-BF62-AB477C4AFEB5}.Debug|Any CPU.ActiveCfg = Debug|Any CPU
		{E401D731-CD9F-4C56-BF62-AB477C4AFEB5}.Debug|Any CPU.Build.0 = Debug|Any CPU
		{E401D731-CD9F-4C56-BF62-AB477C4AFEB5}.Release|Any CPU.ActiveCfg = Release|Any CPU
		{E401D731-CD9F-4C56-BF62-AB477C4AFEB5}.Release|Any CPU.Build.0 = Release|Any CPU
		{50B13326-D487-4BCE-8451-17ABB460B576}.Debug|Any CPU.ActiveCfg = Debug|Any CPU
		{50B13326-D487-4BCE-8451-17ABB460B576}.Debug|Any CPU.Build.0 = Debug|Any CPU
		{50B13326-D487-4BCE-8451-17ABB460B576}.Release|Any CPU.ActiveCfg = Release|Any CPU
		{50B13326-D487-4BCE-8451-17ABB460B576}.Release|Any CPU.Build.0 = Release|Any CPU
		{D5AD0E22-6680-48F7-86C1-87B3AF8A56FD}.Debug|Any CPU.ActiveCfg = Debug|Any CPU
		{D5AD0E22-6680-48F7-86C1-87B3AF8A56FD}.Debug|Any CPU.Build.0 = Debug|Any CPU
		{D5AD0E22-6680-48F7-86C1-87B3AF8A56FD}.Release|Any CPU.ActiveCfg = Release|Any CPU
		{D5AD0E22-6680-48F7-86C1-87B3AF8A56FD}.Release|Any CPU.Build.0 = Release|Any CPU
		{EABF49E5-9E61-40DB-8C72-E5B6A38E1F5A}.Debug|Any CPU.ActiveCfg = Debug|Any CPU
		{EABF49E5-9E61-40DB-8C72-E5B6A38E1F5A}.Debug|Any CPU.Build.0 = Debug|Any CPU
		{EABF49E5-9E61-40DB-8C72-E5B6A38E1F5A}.Release|Any CPU.ActiveCfg = Release|Any CPU
		{EABF49E5-9E61-40DB-8C72-E5B6A38E1F5A}.Release|Any CPU.Build.0 = Release|Any CPU
	EndGlobalSection
	GlobalSection(SolutionProperties) = preSolution
		HideSolutionNode = FALSE
	EndGlobalSection
	GlobalSection(ExtensibilityGlobals) = postSolution
		SolutionGuid = {2880DCE3-D499-4CC7-8B8D-BDF1224EDBBC}
	EndGlobalSection
EndGlobal
